
Microsoft Visual Studio Solution File, Format Version 12.00
# Visual Studio Version 16
VisualStudioVersion = 16.0.30517.126
MinimumVisualStudioVersion = 10.0.40219.1
Project("{FAE04EC0-301F-11D3-BF4B-00C04F79EFBC}") = "Todo.Android", "Todo.Android\Todo.Android.csproj", "{3BE0A41C-4DB2-497E-BEA8-1E65901F8B84}"
EndProject
Project("{FAE04EC0-301F-11D3-BF4B-00C04F79EFBC}") = "Todo", "Todo\Todo.csproj", "{CB83E239-A2AE-4B62-BBA5-F4C4A14589FB}"
EndProject
Global
	GlobalSection(SolutionConfigurationPlatforms) = preSolution
		Debug|Any CPU = Debug|Any CPU
		Release|Any CPU = Release|Any CPU
	EndGlobalSection
	GlobalSection(ProjectConfigurationPlatforms) = postSolution
		{3BE0A41C-4DB2-497E-BEA8-1E65901F8B84}.Debug|Any CPU.ActiveCfg = Debug|Any CPU
		{3BE0A41C-4DB2-497E-BEA8-1E65901F8B84}.Debug|Any CPU.Build.0 = Debug|Any CPU
		{3BE0A41C-4DB2-497E-BEA8-1E65901F8B84}.Debug|Any CPU.Deploy.0 = Debug|Any CPU
		{3BE0A41C-4DB2-497E-BEA8-1E65901F8B84}.Release|Any CPU.ActiveCfg = Release|Any CPU
		{3BE0A41C-4DB2-497E-BEA8-1E65901F8B84}.Release|Any CPU.Build.0 = Release|Any CPU
		{3BE0A41C-4DB2-497E-BEA8-1E65901F8B84}.Release|Any CPU.Deploy.0 = Release|Any CPU
		{CB83E239-A2AE-4B62-BBA5-F4C4A14589FB}.Debug|Any CPU.ActiveCfg = Debug|Any CPU
		{CB83E239-A2AE-4B62-BBA5-F4C4A14589FB}.Debug|Any CPU.Build.0 = Debug|Any CPU
		{CB83E239-A2AE-4B62-BBA5-F4C4A14589FB}.Debug|Any CPU.Deploy.0 = Debug|Any CPU
		{CB83E239-A2AE-4B62-BBA5-F4C4A14589FB}.Release|Any CPU.ActiveCfg = Release|Any CPU
		{CB83E239-A2AE-4B62-BBA5-F4C4A14589FB}.Release|Any CPU.Build.0 = Release|Any CPU
		{CB83E239-A2AE-4B62-BBA5-F4C4A14589FB}.Release|Any CPU.Deploy.0 = Release|Any CPU
	EndGlobalSection
	GlobalSection(SolutionProperties) = preSolution
		HideSolutionNode = FALSE
	EndGlobalSection
	GlobalSection(ExtensibilityGlobals) = postSolution
		SolutionGuid = {AF572507-0731-45CF-8864-ACD49792C556}
	EndGlobalSection
EndGlobal
